
Microsoft Visual Studio Solution File, Format Version 12.00
# Visual Studio Version 16
VisualStudioVersion = 17.0.31611.283
MinimumVisualStudioVersion = 10.0.40219.1
Project("{9A19103F-16F7-4668-BE54-9A1E7A4F7556}") = "CarListApp", "CarListApp\CarListApp.csproj", "{DA7E034A-306B-4A78-A35C-335D629CD0A6}"
EndProject
Project("{FAE04EC0-301F-11D3-BF4B-00C04F79EFBC}") = "CarListApp.Api", "CarListApp.Api\CarListApp.Api.csproj", "{48456CBE-A3D8-4EDB-8B86-442BCBF05EDD}"
EndProject
Global
	GlobalSection(SolutionConfigurationPlatforms) = preSolution
		Debug|Any CPU = Debug|Any CPU
		Release|Any CPU = Release|Any CPU
	EndGlobalSection
	GlobalSection(ProjectConfigurationPlatforms) = postSolution
		{DA7E034A-306B-4A78-A35C-335D629CD0A6}.Debug|Any CPU.ActiveCfg = Debug|Any CPU
		{DA7E034A-306B-4A78-A35C-335D629CD0A6}.Debug|Any CPU.Build.0 = Debug|Any CPU
		{DA7E034A-306B-4A78-A35C-335D629CD0A6}.Debug|Any CPU.Deploy.0 = Debug|Any CPU
		{DA7E034A-306B-4A78-A35C-335D629CD0A6}.Release|Any CPU.ActiveCfg = Release|Any CPU
		{DA7E034A-306B-4A78-A35C-335D629CD0A6}.Release|Any CPU.Build.0 = Release|Any CPU
		{DA7E034A-306B-4A78-A35C-335D629CD0A6}.Release|Any CPU.Deploy.0 = Release|Any CPU
		{48456CBE-A3D8-4EDB-8B86-442BCBF05EDD}.Debug|Any CPU.ActiveCfg = Debug|Any CPU
		{48456CBE-A3D8-4EDB-8B86-442BCBF05EDD}.Debug|Any CPU.Build.0 = Debug|Any CPU
		{48456CBE-A3D8-4EDB-8B86-442BCBF05EDD}.Release|Any CPU.ActiveCfg = Release|Any CPU
		{48456CBE-A3D8-4EDB-8B86-442BCBF05EDD}.Release|Any CPU.Build.0 = Release|Any CPU
	EndGlobalSection
	GlobalSection(SolutionProperties) = preSolution
		HideSolutionNode = FALSE
	EndGlobalSection
	GlobalSection(ExtensibilityGlobals) = postSolution
		SolutionGuid = {61F7FB11-1E47-470C-91E2-47F8143E1572}
	EndGlobalSection
EndGlobal
